
Microsoft Visual Studio Solution File, Format Version 12.00
# Visual Studio Version 17
VisualStudioVersion = 17.1.32421.90
MinimumVisualStudioVersion = 10.0.40219.1
Project("{9A19103F-16F7-4668-BE54-9A1E7A4F7556}") = "RestExercise8", "RestExercise1\RestExercise8.csproj", "{874DAC97-B5F6-4BE0-A696-46A5AC11EC9F}"
EndProject
Global
	GlobalSection(SolutionConfigurationPlatforms) = preSolution
		Debug|Any CPU = Debug|Any CPU
		Release|Any CPU = Release|Any CPU
	EndGlobalSection
	GlobalSection(ProjectConfigurationPlatforms) = postSolution
		{874DAC97-B5F6-4BE0-A696-46A5AC11EC9F}.Debug|Any CPU.ActiveCfg = Debug|Any CPU
		{874DAC97-B5F6-4BE0-A696-46A5AC11EC9F}.Debug|Any CPU.Build.0 = Debug|Any CPU
		{874DAC97-B5F6-4BE0-A696-46A5AC11EC9F}.Release|Any CPU.ActiveCfg = Release|Any CPU
		{874DAC97-B5F6-4BE0-A696-46A5AC11EC9F}.Release|Any CPU.Build.0 = Release|Any CPU
	EndGlobalSection
	GlobalSection(SolutionProperties) = preSolution
		HideSolutionNode = FALSE
	EndGlobalSection
	GlobalSection(ExtensibilityGlobals) = postSolution
		SolutionGuid = {E273EA03-A55D-48CC-9995-AAF9D1796E6B}
	EndGlobalSection
EndGlobal
